schneider.vip/retryspool/storage/data v0.0.0-20250731120946-7aff99e1022d h1:WFNr25bRIqTyXQpJBB39BJ6tQDDQ58KLF8Dd8TfZ1fk=
schneider.vip/retryspool/storage/data v0.0.0-20250731120946-7aff99e1022d/go.mod h1:vav/CfpCM6nxcuRy+SFp9wU26jAHi5Z/r1sBCgO/cZA=
schneider.vip/retryspool/storage/data v0.0.2 h1:+fIua47xbpMzOvHsFR4vvHXVaU/43xsPKMNMuIR7Zh0=
schneider.vip/retryspool/storage/data v0.0.2/go.mod h1:vav/CfpCM6nxcuRy+SFp9wU26jAHi5Z/r1sBCgO/cZA=
schneider.vip/retryspool/storage/meta v0.0.2 h1:dWev+erz1KB4Z+LgwctyrmLPfkaSPok21+lXVYHUo9w=
schneider.vip/retryspool/storage/meta v0.0.2/go.mod h1:SZ4F8XBG+XI+AXlBbWMTchl4WudA0T0H85BpteAEpEY=
